github.com/afex/hystrix-go v0.0.0-20180502004556-fa1af6a1f4f5 h1:rFw4nCn9iMW+Vajsk51NtYIcwSTkXr+JGrMd36kTDJw=
github.com/afex/hystrix-go v0.0.0-20180502004556-fa1af6a1f4f5/go.mod h1:SkGFH1ia65gfNATL8TAiHDNxPzPdmEL5uirI2Uyuz6c=
github.com/davecgh/go-spew v1.1.1/go.mod h1:J7Y8YcW2NihsgmVo/mv3lAwl/skON4iLHjSsI+c5H38=
github.com/intrsokx/encrypt-util v0.0.0-20210414103613-f2ea107fbf03 h1:4kdD5dnIPaNoU/zOLFDvuMlkZHXuuaddBwFDrFUWPdg=
github.com/intrsokx/encrypt-util v0.0.0-20210414103613-f2ea107fbf03/go.mod h1:IlsTisPwDDj/ff4Rk436WmhlWzi8XJsXB65dly/UM4k=
github.com/pmezard/go-difflib v1.0.0/go.mod h1:iKH77koFhYxTK1pcRnkKkqfTogsbg7gZNVY4sRDYZ/4=
github.com/sirupsen/logrus v1.8.1 h1:dJKuHgqk1NNQlqoA6BTlM1Wf9DOH3NBjQyu0h9+AZZE=
github.com/sirupsen/logrus v1.8.1/go.mod h1:yWOB1SBYBC5VeMP7gHvWumXLIWorT60ONWic61uBYv0=
github.com/stretchr/testify v1.2.2/go.mod h1:a8OnRcib4nhh0OaRAV+Yts87kKdq0PP7pXfy6kDkUVs=
golang.org/x/sys v0.0.0-20191026070338-33540a1f6037 h1:YyJpGZS1sBuBCzLAR1VEpK193GlqGZbnPFnPV/5Rsb4=
golang.org/x/sys v0.0.0-20191026070338-33540a1f6037/go.mod h1:h1NjWce9XRLGQEsW7wpKNCjG9DtNlClVuFLEZdDNbEs=
